{
  "originHash" : "e582524cb3866e90a1f4714c1a0d4e54e7d83b650bc98bed774b57660611b620",
  "pins" : [
    {
      "identity" : "councilkit",
      "kind" : "remoteSourceControl",
      "location" : "https://github.com/albertofettucini/CouncilKit.git",
      "state" : {
        "revision" : "521f2ec3f78f5ec4fe394fdf837b11146f5e4b35",
        "version" : "0.2.0"
      }
    },
    {
      "identity" : "engram",
      "kind" : "remoteSourceControl",
      "location" : "https://github.com/albertofettucini/Engram.git",
      "state" : {
        "revision" : "04a3e6f1dac2ab3259fe46df1a9f1491c760d4bd",
        "version" : "0.1.0"
      }
    },
    {
      "identity" : "sparkle",
      "kind" : "remoteSourceControl",
      "location" : "https://github.com/sparkle-project/Sparkle",
      "state" : {
        "revision" : "b6496a74a087257ef5e6da1c5b29a447a60f5bd7",
        "version" : "2.9.4"
      }
    }
  ],
  "version" : 3
}
