{
  "originHash" : "deaa2b0f4c5e83fdd9f15027fbb5997c934a59f35d36c96418c53368670209b5",
  "pins" : [
    {
      "identity" : "councilkit",
      "kind" : "remoteSourceControl",
      "location" : "https://github.com/albertofettucini/CouncilKit.git",
      "state" : {
        "revision" : "0b3418746389fcb1561ada26e513e1bd0aa14286",
        "version" : "0.1.1"
      }
    },
    {
      "identity" : "sparkle",
      "kind" : "remoteSourceControl",
      "location" : "https://github.com/sparkle-project/Sparkle",
      "state" : {
        "revision" : "d46d456107feacc80711b21847b82b07bd9fb46e",
        "version" : "2.9.3"
      }
    }
  ],
  "version" : 3
}
