{
  "originHash" : "e582524cb3866e90a1f4714c1a0d4e54e7d83b650bc98bed774b57660611b620",
  "pins" : [
    {
      "identity" : "councilkit",
      "kind" : "remoteSourceControl",
      "location" : "https://github.com/albertofettucini/CouncilKit.git",
      "state" : {
        "revision" : "d083d523037e7b056a847bb5a1fbff6e7a65c575",
        "version" : "0.3.0"
      }
    },
    {
      "identity" : "engram",
      "kind" : "remoteSourceControl",
      "location" : "https://github.com/albertofettucini/Engram.git",
      "state" : {
        "revision" : "04a3e6f1dac2ab3259fe46df1a9f1491c760d4bd",
        "version" : "0.1.0"
      }
    },
    {
      "identity" : "sparkle",
      "kind" : "remoteSourceControl",
      "location" : "https://github.com/sparkle-project/Sparkle",
      "state" : {
        "revision" : "eef1a539a373c1f1a320624b1130fc5de7b2e100",
        "version" : "2.10.0"
      }
    }
  ],
  "version" : 3
}
